// !$*UTF8*$!
{
	archiveVersion = 1;
	classes = {
	};
	objectVersion = 51;
	objects = {

/* Begin PBXBuildFile section */
		271521DA25FE615E008C0BCC /* PopUpView.storyboard in Resources */ = {isa = PBXBuildFile; fileRef = 271521D925FE615E008C0BCC /* PopUpView.storyboard */; };
		271521DD25FE6189008C0BCC /* PopUpViewController.swift in Sources */ = {isa = PBXBuildFile; fileRef = 271521DC25FE6189008C0BCC /* PopUpViewController.swift */; };
		271A941825C8FA0400263981 /* CreateItemViewController.swift in Sources */ = {isa = PBXBuildFile; fileRef = 271A941725C8FA0400263981 /* CreateItemViewController.swift */; };
		27403EAD25D30D8D00A779FD /* AnimationViewController.swift in Sources */ = {isa = PBXBuildFile; fileRef = 27403EAC25D30D8D00A779FD /* AnimationViewController.swift */; };
		27475EE926859DBB007B2A11 /* TrackingTransparencyManager.swift in Sources */ = {isa = PBXBuildFile; fileRef = 27475EE826859DBB007B2A11 /* TrackingTransparencyManager.swift */; };
		27583C9525C887A100FE314D /* AppDelegate.swift in Sources */ = {isa = PBXBuildFile; fileRef = 27583C9425C887A100FE314D /* AppDelegate.swift */; };
		27583C9725C887A100FE314D /* SceneDelegate.swift in Sources */ = {isa = PBXBuildFile; fileRef = 27583C9625C887A100FE314D /* SceneDelegate.swift */; };
		27583C9925C887A100FE314D /* BoxesViewController.swift in Sources */ = {isa = PBXBuildFile; fileRef = 27583C9825C887A100FE314D /* BoxesViewController.swift */; };
		27583C9C25C887A100FE314D /* Main.storyboard in Resources */ = {isa = PBXBuildFile; fileRef = 27583C9A25C887A100FE314D /* Main.storyboard */; };
		27583C9F25C887A100FE314D /* Boxes.xcdatamodeld in Sources */ = {isa = PBXBuildFile; fileRef = 27583C9D25C887A100FE314D /* Boxes.xcdatamodeld */; };
		27583CA125C887A200FE314D /* Assets.xcassets in Resources */ = {isa = PBXBuildFile; fileRef = 27583CA025C887A200FE314D /* Assets.xcassets */; };
		27583CA425C887A200FE314D /* LaunchScreen.storyboard in Resources */ = {isa = PBXBuildFile; fileRef = 27583CA225C887A200FE314D /* LaunchScreen.storyboard */; };
		27583CB725C88DF200FE314D /* ItemsTableViewController.swift in Sources */ = {isa = PBXBuildFile; fileRef = 27583CB625C88DF200FE314D /* ItemsTableViewController.swift */; };
		27583CBA25C88E5100FE314D /* Quotes.swift in Sources */ = {isa = PBXBuildFile; fileRef = 27583CB925C88E5100FE314D /* Quotes.swift */; };
		27583CBE25C88E8F00FE314D /* MyCollectionViewCell.swift in Sources */ = {isa = PBXBuildFile; fileRef = 27583CBC25C88E8F00FE314D /* MyCollectionViewCell.swift */; };
		27583CBF25C88E8F00FE314D /* MyCollectionViewCell.xib in Resources */ = {isa = PBXBuildFile; fileRef = 27583CBD25C88E8F00FE314D /* MyCollectionViewCell.xib */; };
		275A2AC125CDA88A0042CFC1 /* MyTableViewCell.swift in Sources */ = {isa = PBXBuildFile; fileRef = 275A2ABF25CDA88A0042CFC1 /* MyTableViewCell.swift */; };
		275A2AC225CDA88A0042CFC1 /* MyTableViewCell.xib in Resources */ = {isa = PBXBuildFile; fileRef = 275A2AC025CDA88A0042CFC1 /* MyTableViewCell.xib */; };
		27604EFB26B249CA00F56A17 /* OnboardingViewController.swift in Sources */ = {isa = PBXBuildFile; fileRef = 27604EFA26B249CA00F56A17 /* OnboardingViewController.swift */; };
		27604EFE26B2503400F56A17 /* UIViewExtension.swift in Sources */ = {isa = PBXBuildFile; fileRef = 27604EFD26B2503400F56A17 /* UIViewExtension.swift */; };
		27604F0026B250EB00F56A17 /* OnboardingSlide.swift in Sources */ = {isa = PBXBuildFile; fileRef = 27604EFF26B250EB00F56A17 /* OnboardingSlide.swift */; };
		27604F0226B252A600F56A17 /* OnboardingCollectionViewCell.swift in Sources */ = {isa = PBXBuildFile; fileRef = 27604F0126B252A600F56A17 /* OnboardingCollectionViewCell.swift */; };
		27604F0426B26CB200F56A17 /* ShowOnboardingViewController.swift in Sources */ = {isa = PBXBuildFile; fileRef = 27604F0326B26CB200F56A17 /* ShowOnboardingViewController.swift */; };
		27604F0626B275D400F56A17 /* UserDefaultExtention.swift in Sources */ = {isa = PBXBuildFile; fileRef = 27604F0526B275D400F56A17 /* UserDefaultExtention.swift */; };
		27813AC725E895400066CB32 /* CustomBoxViewController.swift in Sources */ = {isa = PBXBuildFile; fileRef = 27813AC625E895400066CB32 /* CustomBoxViewController.swift */; };
		27813ACA25E895600066CB32 /* CustomBoxView.storyboard in Resources */ = {isa = PBXBuildFile; fileRef = 27813AC925E895600066CB32 /* CustomBoxView.storyboard */; };
		2792C61025EC1BC9001435C7 /* ReminderModel.swift in Sources */ = {isa = PBXBuildFile; fileRef = 2792C60F25EC1BC9001435C7 /* ReminderModel.swift */; };
		27C7986926003B3C00D10D1A /* HapitcsManager.swift in Sources */ = {isa = PBXBuildFile; fileRef = 27C7986826003B3C00D10D1A /* HapitcsManager.swift */; };
		27E3459E25CC7A5C009696B1 /* AlertModels.swift in Sources */ = {isa = PBXBuildFile; fileRef = 27E3459D25CC7A5C009696B1 /* AlertModels.swift */; };
		8F502D9D4834503E9A058233 /* Pods_Boxes.framework in Frameworks */ = {isa = PBXBuildFile; fileRef = E991E5FCC28B9E0CC6C55CBC /* Pods_Boxes.framework */; };
/* End PBXBuildFile section */

/* Begin PBXFileReference section */
		271521D925FE615E008C0BCC /* PopUpView.storyboard */ = {isa = PBXFileReference; lastKnownFileType = file.storyboard; path = PopUpView.storyboard; sourceTree = "<group>"; };
		271521DC25FE6189008C0BCC /* PopUpViewController.swift */ = {isa = PBXFileReference; lastKnownFileType = sourcecode.swift; path = PopUpViewController.swift; sourceTree = "<group>"; };
		271A941725C8FA0400263981 /* CreateItemViewController.swift */ = {isa = PBXFileReference; lastKnownFileType = sourcecode.swift; path = CreateItemViewController.swift; sourceTree = "<group>"; };
		27403EAC25D30D8D00A779FD /* AnimationViewController.swift */ = {isa = PBXFileReference; lastKnownFileType = sourcecode.swift; path = AnimationViewController.swift; sourceTree = "<group>"; };
		27475EE826859DBB007B2A11 /* TrackingTransparencyManager.swift */ = {isa = PBXFileReference; lastKnownFileType = sourcecode.swift; path = TrackingTransparencyManager.swift; sourceTree = "<group>"; };
		27583C9125C887A100FE314D /* Boxes.app */ = {isa = PBXFileReference; explicitFileType = wrapper.application; includeInIndex = 0; path = Boxes.app; sourceTree = BUILT_PRODUCTS_DIR; };
		27583C9425C887A100FE314D /* AppDelegate.swift */ = {isa = PBXFileReference; lastKnownFileType = sourcecode.swift; path = AppDelegate.swift; sourceTree = "<group>"; };
		27583C9625C887A100FE314D /* SceneDelegate.swift */ = {isa = PBXFileReference; lastKnownFileType = sourcecode.swift; path = SceneDelegate.swift; sourceTree = "<group>"; };
		27583C9825C887A100FE314D /* BoxesViewController.swift */ = {isa = PBXFileReference; lastKnownFileType = sourcecode.swift; path = BoxesViewController.swift; sourceTree = "<group>"; };
		27583C9B25C887A100FE314D /* Base */ = {isa = PBXFileReference; lastKnownFileType = file.storyboard; name = Base; path = Base.lproj/Main.storyboard; sourceTree = "<group>"; };
		27583C9E25C887A100FE314D /* Boxes.xcdatamodel */ = {isa = PBXFileReference; lastKnownFileType = wrapper.xcdatamodel; path = Boxes.xcdatamodel; sourceTree = "<group>"; };
		27583CA025C887A200FE314D /* Assets.xcassets */ = {isa = PBXFileReference; lastKnownFileType = folder.assetcatalog; path = Assets.xcassets; sourceTree = "<group>"; };
		27583CA325C887A200FE314D /* Base */ = {isa = PBXFileReference; lastKnownFileType = file.storyboard; name = Base; path = Base.lproj/LaunchScreen.storyboard; sourceTree = "<group>"; };
		27583CA525C887A200FE314D /* Info.plist */ = {isa = PBXFileReference; lastKnownFileType = text.plist.xml; path = Info.plist; sourceTree = "<group>"; };
		27583CB625C88DF200FE314D /* ItemsTableViewController.swift */ = {isa = PBXFileReference; lastKnownFileType = sourcecode.swift; path = ItemsTableViewController.swift; sourceTree = "<group>"; };
		27583CB925C88E5100FE314D /* Quotes.swift */ = {isa = PBXFileReference; lastKnownFileType = sourcecode.swift; path = Quotes.swift; sourceTree = "<group>"; };
		27583CBC25C88E8F00FE314D /* MyCollectionViewCell.swift */ = {isa = PBXFileReference; lastKnownFileType = sourcecode.swift; path = MyCollectionViewCell.swift; sourceTree = "<group>"; };
		27583CBD25C88E8F00FE314D /* MyCollectionViewCell.xib */ = {isa = PBXFileReference; lastKnownFileType = file.xib; path = MyCollectionViewCell.xib; sourceTree = "<group>"; };
		275A2ABF25CDA88A0042CFC1 /* MyTableViewCell.swift */ = {isa = PBXFileReference; lastKnownFileType = sourcecode.swift; path = MyTableViewCell.swift; sourceTree = "<group>"; };
		275A2AC025CDA88A0042CFC1 /* MyTableViewCell.xib */ = {isa = PBXFileReference; lastKnownFileType = file.xib; path = MyTableViewCell.xib; sourceTree = "<group>"; };
		27604EFA26B249CA00F56A17 /* OnboardingViewController.swift */ = {isa = PBXFileReference; lastKnownFileType = sourcecode.swift; path = OnboardingViewController.swift; sourceTree = "<group>"; };
		27604EFD26B2503400F56A17 /* UIViewExtension.swift */ = {isa = PBXFileReference; lastKnownFileType = sourcecode.swift; path = UIViewExtension.swift; sourceTree = "<group>"; };
		27604EFF26B250EB00F56A17 /* OnboardingSlide.swift */ = {isa = PBXFileReference; lastKnownFileType = sourcecode.swift; path = OnboardingSlide.swift; sourceTree = "<group>"; };
		27604F0126B252A600F56A17 /* OnboardingCollectionViewCell.swift */ = {isa = PBXFileReference; lastKnownFileType = sourcecode.swift; path = OnboardingCollectionViewCell.swift; sourceTree = "<group>"; };
		27604F0326B26CB200F56A17 /* ShowOnboardingViewController.swift */ = {isa = PBXFileReference; lastKnownFileType = sourcecode.swift; path = ShowOnboardingViewController.swift; sourceTree = "<group>"; };
		27604F0526B275D400F56A17 /* UserDefaultExtention.swift */ = {isa = PBXFileReference; lastKnownFileType = sourcecode.swift; path = UserDefaultExtention.swift; sourceTree = "<group>"; };
		27813AC625E895400066CB32 /* CustomBoxViewController.swift */ = {isa = PBXFileReference; lastKnownFileType = sourcecode.swift; path = CustomBoxViewController.swift; sourceTree = "<group>"; };
		27813AC925E895600066CB32 /* CustomBoxView.storyboard */ = {isa = PBXFileReference; lastKnownFileType = file.storyboard; path = CustomBoxView.storyboard; sourceTree = "<group>"; };
		2792C60F25EC1BC9001435C7 /* ReminderModel.swift */ = {isa = PBXFileReference; lastKnownFileType = sourcecode.swift; path = ReminderModel.swift; sourceTree = "<group>"; };
		27C7986826003B3C00D10D1A /* HapitcsManager.swift */ = {isa = PBXFileReference; lastKnownFileType = sourcecode.swift; path = HapitcsManager.swift; sourceTree = "<group>"; };
		27E3459D25CC7A5C009696B1 /* AlertModels.swift */ = {isa = PBXFileReference; lastKnownFileType = sourcecode.swift; path = AlertModels.swift; sourceTree = "<group>"; };
		40772B6AF596EFB4F1BED0D0 /* Pods-Boxes.release.xcconfig */ = {isa = PBXFileReference; includeInIndex = 1; lastKnownFileType = text.xcconfig; name = "Pods-Boxes.release.xcconfig"; path = "Target Support Files/Pods-Boxes/Pods-Boxes.release.xcconfig"; sourceTree = "<group>"; };
		692ED9AC3906410AF0FA1A9F /* Pods-Boxes.debug.xcconfig */ = {isa = PBXFileReference; includeInIndex = 1; lastKnownFileType = text.xcconfig; name = "Pods-Boxes.debug.xcconfig"; path = "Target Support Files/Pods-Boxes/Pods-Boxes.debug.xcconfig"; sourceTree = "<group>"; };
		E991E5FCC28B9E0CC6C55CBC /* Pods_Boxes.framework */ = {isa = PBXFileReference; explicitFileType = wrapper.framework; includeInIndex = 0; path = Pods_Boxes.framework; sourceTree = BUILT_PRODUCTS_DIR; };
/* End PBXFileReference section */

/* Begin PBXFrameworksBuildPhase section */
		27583C8E25C887A100FE314D /* Frameworks */ = {
			isa = PBXFrameworksBuildPhase;
			buildActionMask = 2147483647;
			files = (
				8F502D9D4834503E9A058233 /* Pods_Boxes.framework in Frameworks */,
			);
			runOnlyForDeploymentPostprocessing = 0;
		};
/* End PBXFrameworksBuildPhase section */

/* Begin PBXGroup section */
		27583C8825C887A100FE314D = {
			isa = PBXGroup;
			children = (
				27583C9325C887A100FE314D /* Boxes */,
				27583C9225C887A100FE314D /* Products */,
				6CA387FCA2C016FFC1AA8C30 /* Pods */,
				EE879A0D4AEB593CBFE27E99 /* Frameworks */,
			);
			sourceTree = "<group>";
		};
		27583C9225C887A100FE314D /* Products */ = {
			isa = PBXGroup;
			children = (
				27583C9125C887A100FE314D /* Boxes.app */,
			);
			name = Products;
			sourceTree = "<group>";
		};
		27583C9325C887A100FE314D /* Boxes */ = {
			isa = PBXGroup;
			children = (
				27604EFC26B2501400F56A17 /* Extensions */,
				27583CB425C88D7800FE314D /* Models */,
				27583CB325C88D7000FE314D /* Views */,
				27583CB225C88D6600FE314D /* Controllers */,
				27583C9425C887A100FE314D /* AppDelegate.swift */,
				27583C9625C887A100FE314D /* SceneDelegate.swift */,
				27583CA025C887A200FE314D /* Assets.xcassets */,
				27583CA525C887A200FE314D /* Info.plist */,
			);
			path = Boxes;
			sourceTree = "<group>";
		};
		27583CB225C88D6600FE314D /* Controllers */ = {
			isa = PBXGroup;
			children = (
				27604EF926B249B200F56A17 /* Onboarding */,
				27403EAC25D30D8D00A779FD /* AnimationViewController.swift */,
				27583C9825C887A100FE314D /* BoxesViewController.swift */,
				27813AC625E895400066CB32 /* CustomBoxViewController.swift */,
				27583CB625C88DF200FE314D /* ItemsTableViewController.swift */,
				271A941725C8FA0400263981 /* CreateItemViewController.swift */,
				271521DC25FE6189008C0BCC /* PopUpViewController.swift */,
			);
			path = Controllers;
			sourceTree = "<group>";
		};
		27583CB325C88D7000FE314D /* Views */ = {
			isa = PBXGroup;
			children = (
				275A2AC025CDA88A0042CFC1 /* MyTableViewCell.xib */,
				271521D925FE615E008C0BCC /* PopUpView.storyboard */,
				27813AC925E895600066CB32 /* CustomBoxView.storyboard */,
				27583CA225C887A200FE314D /* LaunchScreen.storyboard */,
				27583CBD25C88E8F00FE314D /* MyCollectionViewCell.xib */,
				27583C9A25C887A100FE314D /* Main.storyboard */,
			);
			path = Views;
			sourceTree = "<group>";
		};
		27583CB425C88D7800FE314D /* Models */ = {
			isa = PBXGroup;
			children = (
				27583C9D25C887A100FE314D /* Boxes.xcdatamodeld */,
				2792C60F25EC1BC9001435C7 /* ReminderModel.swift */,
				27583CB925C88E5100FE314D /* Quotes.swift */,
				27E3459D25CC7A5C009696B1 /* AlertModels.swift */,
				27583CBC25C88E8F00FE314D /* MyCollectionViewCell.swift */,
				275A2ABF25CDA88A0042CFC1 /* MyTableViewCell.swift */,
				27C7986826003B3C00D10D1A /* HapitcsManager.swift */,
				27475EE826859DBB007B2A11 /* TrackingTransparencyManager.swift */,
				27604EFF26B250EB00F56A17 /* OnboardingSlide.swift */,
			);
			path = Models;
			sourceTree = "<group>";
		};
		27604EF926B249B200F56A17 /* Onboarding */ = {
			isa = PBXGroup;
			children = (
				27604EFA26B249CA00F56A17 /* OnboardingViewController.swift */,
				27604F0126B252A600F56A17 /* OnboardingCollectionViewCell.swift */,
				27604F0326B26CB200F56A17 /* ShowOnboardingViewController.swift */,
			);
			path = Onboarding;
			sourceTree = "<group>";
		};
		27604EFC26B2501400F56A17 /* Extensions */ = {
			isa = PBXGroup;
			children = (
				27604EFD26B2503400F56A17 /* UIViewExtension.swift */,
				27604F0526B275D400F56A17 /* UserDefaultExtention.swift */,
			);
			path = Extensions;
			sourceTree = "<group>";
		};
		6CA387FCA2C016FFC1AA8C30 /* Pods */ = {
			isa = PBXGroup;
			children = (
				692ED9AC3906410AF0FA1A9F /* Pods-Boxes.debug.xcconfig */,
				40772B6AF596EFB4F1BED0D0 /* Pods-Boxes.release.xcconfig */,
			);
			path = Pods;
			sourceTree = "<group>";
		};
		EE879A0D4AEB593CBFE27E99 /* Frameworks */ = {
			isa = PBXGroup;
			children = (
				E991E5FCC28B9E0CC6C55CBC /* Pods_Boxes.framework */,
			);
			name = Frameworks;
			sourceTree = "<group>";
		};
/* End PBXGroup section */

/* Begin PBXNativeTarget section */
		27583C9025C887A100FE314D /* Boxes */ = {
			isa = PBXNativeTarget;
			buildConfigurationList = 27583CA825C887A200FE314D /* Build configuration list for PBXNativeTarget "Boxes" */;
			buildPhases = (
				8C228D00909D6348430EA292 /* [CP] Check Pods Manifest.lock */,
				27583C8D25C887A100FE314D /* Sources */,
				27583C8E25C887A100FE314D /* Frameworks */,
				27583C8F25C887A100FE314D /* Resources */,
				EA1D5C429A7DE7D713F5B0E2 /* [CP] Embed Pods Frameworks */,
			);
			buildRules = (
			);
			dependencies = (
			);
			name = Boxes;
			productName = Boxes;
			productReference = 27583C9125C887A100FE314D /* Boxes.app */;
			productType = "com.apple.product-type.application";
		};
/* End PBXNativeTarget section */

/* Begin PBXProject section */
		27583C8925C887A100FE314D /* Project object */ = {
			isa = PBXProject;
			attributes = {
				LastSwiftUpdateCheck = 1240;
				LastUpgradeCheck = 1240;
				TargetAttributes = {
					27583C9025C887A100FE314D = {
						CreatedOnToolsVersion = 12.4;
					};
				};
			};
			buildConfigurationList = 27583C8C25C887A100FE314D /* Build configuration list for PBXProject "Boxes" */;
			compatibilityVersion = "Xcode 9.3";
			developmentRegion = en;
			hasScannedForEncodings = 0;
			knownRegions = (
				en,
				Base,
			);
			mainGroup = 27583C8825C887A100FE314D;
			productRefGroup = 27583C9225C887A100FE314D /* Products */;
			projectDirPath = "";
			projectRoot = "";
			targets = (
				27583C9025C887A100FE314D /* Boxes */,
			);
		};
/* End PBXProject section */

/* Begin PBXResourcesBuildPhase section */
		27583C8F25C887A100FE314D /* Resources */ = {
			isa = PBXResourcesBuildPhase;
			buildActionMask = 2147483647;
			files = (
				271521DA25FE615E008C0BCC /* PopUpView.storyboard in Resources */,
				275A2AC225CDA88A0042CFC1 /* MyTableViewCell.xib in Resources */,
				27583CA425C887A200FE314D /* LaunchScreen.storyboard in Resources */,
				27583CA125C887A200FE314D /* Assets.xcassets in Resources */,
				27583CBF25C88E8F00FE314D /* MyCollectionViewCell.xib in Resources */,
				27583C9C25C887A100FE314D /* Main.storyboard in Resources */,
				27813ACA25E895600066CB32 /* CustomBoxView.storyboard in Resources */,
			);
			runOnlyForDeploymentPostprocessing = 0;
		};
/* End PBXResourcesBuildPhase section */

/* Begin PBXShellScriptBuildPhase section */
		8C228D00909D6348430EA292 /* [CP] Check Pods Manifest.lock */ = {
			isa = PBXShellScriptBuildPhase;
			buildActionMask = 2147483647;
			files = (
			);
			inputFileListPaths = (
			);
			inputPaths = (
				"${PODS_PODFILE_DIR_PATH}/Podfile.lock",
				"${PODS_ROOT}/Manifest.lock",
			);
			name = "[CP] Check Pods Manifest.lock";
			outputFileListPaths = (
			);
			outputPaths = (
				"$(DERIVED_FILE_DIR)/Pods-Boxes-checkManifestLockResult.txt",
			);
			runOnlyForDeploymentPostprocessing = 0;
			shellPath = /bin/sh;
			shellScript = "diff \"${PODS_PODFILE_DIR_PATH}/Podfile.lock\" \"${PODS_ROOT}/Manifest.lock\" > /dev/null\nif [ $? != 0 ] ; then\n    # print error to STDERR\n    echo \"error: The sandbox is not in sync with the Podfile.lock. Run 'pod install' or update your CocoaPods installation.\" >&2\n    exit 1\nfi\n# This output is used by Xcode 'outputs' to avoid re-running this script phase.\necho \"SUCCESS\" > \"${SCRIPT_OUTPUT_FILE_0}\"\n";
			showEnvVarsInLog = 0;
		};
		EA1D5C429A7DE7D713F5B0E2 /* [CP] Embed Pods Frameworks */ = {
			isa = PBXShellScriptBuildPhase;
			buildActionMask = 2147483647;
			files = (
			);
			inputFileListPaths = (
				"${PODS_ROOT}/Target Support Files/Pods-Boxes/Pods-Boxes-frameworks-${CONFIGURATION}-input-files.xcfilelist",
			);
			name = "[CP] Embed Pods Frameworks";
			outputFileListPaths = (
				"${PODS_ROOT}/Target Support Files/Pods-Boxes/Pods-Boxes-frameworks-${CONFIGURATION}-output-files.xcfilelist",
			);
			runOnlyForDeploymentPostprocessing = 0;
			shellPath = /bin/sh;
			shellScript = "\"${PODS_ROOT}/Target Support Files/Pods-Boxes/Pods-Boxes-frameworks.sh\"\n";
			showEnvVarsInLog = 0;
		};
/* End PBXShellScriptBuildPhase section */

/* Begin PBXSourcesBuildPhase section */
		27583C8D25C887A100FE314D /* Sources */ = {
			isa = PBXSourcesBuildPhase;
			buildActionMask = 2147483647;
			files = (
				27583C9925C887A100FE314D /* BoxesViewController.swift in Sources */,
				27583CBE25C88E8F00FE314D /* MyCollectionViewCell.swift in Sources */,
				27403EAD25D30D8D00A779FD /* AnimationViewController.swift in Sources */,
				27604EFB26B249CA00F56A17 /* OnboardingViewController.swift in Sources */,
				27583C9525C887A100FE314D /* AppDelegate.swift in Sources */,
				275A2AC125CDA88A0042CFC1 /* MyTableViewCell.swift in Sources */,
				27604EFE26B2503400F56A17 /* UIViewExtension.swift in Sources */,
				27604F0226B252A600F56A17 /* OnboardingCollectionViewCell.swift in Sources */,
				2792C61025EC1BC9001435C7 /* ReminderModel.swift in Sources */,
				27604F0626B275D400F56A17 /* UserDefaultExtention.swift in Sources */,
				27C7986926003B3C00D10D1A /* HapitcsManager.swift in Sources */,
				271521DD25FE6189008C0BCC /* PopUpViewController.swift in Sources */,
				27604F0426B26CB200F56A17 /* ShowOnboardingViewController.swift in Sources */,
				271A941825C8FA0400263981 /* CreateItemViewController.swift in Sources */,
				27813AC725E895400066CB32 /* CustomBoxViewController.swift in Sources */,
				27583CBA25C88E5100FE314D /* Quotes.swift in Sources */,
				27583CB725C88DF200FE314D /* ItemsTableViewController.swift in Sources */,
				27604F0026B250EB00F56A17 /* OnboardingSlide.swift in Sources */,
				27475EE926859DBB007B2A11 /* TrackingTransparencyManager.swift in Sources */,
				27583C9725C887A100FE314D /* SceneDelegate.swift in Sources */,
				27E3459E25CC7A5C009696B1 /* AlertModels.swift in Sources */,
				27583C9F25C887A100FE314D /* Boxes.xcdatamodeld in Sources */,
			);
			runOnlyForDeploymentPostprocessing = 0;
		};
/* End PBXSourcesBuildPhase section */

/* Begin PBXVariantGroup section */
		27583C9A25C887A100FE314D /* Main.storyboard */ = {
			isa = PBXVariantGroup;
			children = (
				27583C9B25C887A100FE314D /* Base */,
			);
			name = Main.storyboard;
			sourceTree = "<group>";
		};
		27583CA225C887A200FE314D /* LaunchScreen.storyboard */ = {
			isa = PBXVariantGroup;
			children = (
				27583CA325C887A200FE314D /* Base */,
			);
			name = LaunchScreen.storyboard;
			sourceTree = "<group>";
		};
/* End PBXVariantGroup section */

/* Begin XCBuildConfiguration section */
		27583CA625C887A200FE314D /* Debug */ = {
			isa = XCBuildConfiguration;
			buildSettings = {
				ALWAYS_SEARCH_USER_PATHS = NO;
				CLANG_ANALYZER_NONNULL = YES;
				CLANG_ANALYZER_NUMBER_OBJECT_CONVERSION = YES_AGGRESSIVE;
				CLANG_CXX_LANGUAGE_STANDARD = "gnu++14";
				CLANG_CXX_LIBRARY = "libc++";
				CLANG_ENABLE_MODULES = YES;
				CLANG_ENABLE_OBJC_ARC = YES;
				CLANG_ENABLE_OBJC_WEAK = YES;
				CLANG_WARN_BLOCK_CAPTURE_AUTORELEASING = YES;
				CLANG_WARN_BOOL_CONVERSION = YES;
				CLANG_WARN_COMMA = YES;
				CLANG_WARN_CONSTANT_CONVERSION = YES;
				CLANG_WARN_DEPRECATED_OBJC_IMPLEMENTATIONS = YES;
				CLANG_WARN_DIRECT_OBJC_ISA_USAGE = YES_ERROR;
				CLANG_WARN_DOCUMENTATION_COMMENTS = YES;
				CLANG_WARN_EMPTY_BODY = YES;
				CLANG_WARN_ENUM_CONVERSION = YES;
				CLANG_WARN_INFINITE_RECURSION = YES;
				CLANG_WARN_INT_CONVERSION = YES;
				CLANG_WARN_NON_LITERAL_NULL_CONVERSION = YES;
				CLANG_WARN_OBJC_IMPLICIT_RETAIN_SELF = YES;
				CLANG_WARN_OBJC_LITERAL_CONVERSION = YES;
				CLANG_WARN_OBJC_ROOT_CLASS = YES_ERROR;
				CLANG_WARN_QUOTED_INCLUDE_IN_FRAMEWORK_HEADER = YES;
				CLANG_WARN_RANGE_LOOP_ANALYSIS = YES;
				CLANG_WARN_STRICT_PROTOTYPES = YES;
				CLANG_WARN_SUSPICIOUS_MOVE = YES;
				CLANG_WARN_UNGUARDED_AVAILABILITY = YES_AGGRESSIVE;
				CLANG_WARN_UNREACHABLE_CODE = YES;
				CLANG_WARN__DUPLICATE_METHOD_MATCH = YES;
				COPY_PHASE_STRIP = NO;
				DEBUG_INFORMATION_FORMAT = dwarf;
				ENABLE_STRICT_OBJC_MSGSEND = YES;
				ENABLE_TESTABILITY = YES;
				GCC_C_LANGUAGE_STANDARD = gnu11;
				GCC_DYNAMIC_NO_PIC = NO;
				GCC_NO_COMMON_BLOCKS = YES;
				GCC_OPTIMIZATION_LEVEL = 0;
				GCC_PREPROCESSOR_DEFINITIONS = (
					"DEBUG=1",
					"$(inherited)",
				);
				GCC_WARN_64_TO_32_BIT_CONVERSION = YES;
				GCC_WARN_ABOUT_RETURN_TYPE = YES_ERROR;
				GCC_WARN_UNDECLARED_SELECTOR = YES;
				GCC_WARN_UNINITIALIZED_AUTOS = YES_AGGRESSIVE;
				GCC_WARN_UNUSED_FUNCTION = YES;
				GCC_WARN_UNUSED_VARIABLE = YES;
				IPHONEOS_DEPLOYMENT_TARGET = 14.5;
				MTL_ENABLE_DEBUG_INFO = INCLUDE_SOURCE;
				MTL_FAST_MATH = YES;
				ONLY_ACTIVE_ARCH = YES;
				SDKROOT = iphoneos;
				SWIFT_ACTIVE_COMPILATION_CONDITIONS = DEBUG;
				SWIFT_OPTIMIZATION_LEVEL = "-Onone";
			};
			name = Debug;
		};
		27583CA725C887A200FE314D /* Release */ = {
			isa = XCBuildConfiguration;
			buildSettings = {
				ALWAYS_SEARCH_USER_PATHS = NO;
				CLANG_ANALYZER_NONNULL = YES;
				CLANG_ANALYZER_NUMBER_OBJECT_CONVERSION = YES_AGGRESSIVE;
				CLANG_CXX_LANGUAGE_STANDARD = "gnu++14";
				CLANG_CXX_LIBRARY = "libc++";
				CLANG_ENABLE_MODULES = YES;
				CLANG_ENABLE_OBJC_ARC = YES;
				CLANG_ENABLE_OBJC_WEAK = YES;
				CLANG_WARN_BLOCK_CAPTURE_AUTORELEASING = YES;
				CLANG_WARN_BOOL_CONVERSION = YES;
				CLANG_WARN_COMMA = YES;
				CLANG_WARN_CONSTANT_CONVERSION = YES;
				CLANG_WARN_DEPRECATED_OBJC_IMPLEMENTATIONS = YES;
				CLANG_WARN_DIRECT_OBJC_ISA_USAGE = YES_ERROR;
				CLANG_WARN_DOCUMENTATION_COMMENTS = YES;
				CLANG_WARN_EMPTY_BODY = YES;
				CLANG_WARN_ENUM_CONVERSION = YES;
				CLANG_WARN_INFINITE_RECURSION = YES;
				CLANG_WARN_INT_CONVERSION = YES;
				CLANG_WARN_NON_LITERAL_NULL_CONVERSION = YES;
				CLANG_WARN_OBJC_IMPLICIT_RETAIN_SELF = YES;
				CLANG_WARN_OBJC_LITERAL_CONVERSION = YES;
				CLANG_WARN_OBJC_ROOT_CLASS = YES_ERROR;
				CLANG_WARN_QUOTED_INCLUDE_IN_FRAMEWORK_HEADER = YES;
				CLANG_WARN_RANGE_LOOP_ANALYSIS = YES;
				CLANG_WARN_STRICT_PROTOTYPES = YES;
				CLANG_WARN_SUSPICIOUS_MOVE = YES;
				CLANG_WARN_UNGUARDED_AVAILABILITY = YES_AGGRESSIVE;
				CLANG_WARN_UNREACHABLE_CODE = YES;
				CLANG_WARN__DUPLICATE_METHOD_MATCH = YES;
				COPY_PHASE_STRIP = NO;
				DEBUG_INFORMATION_FORMAT = "dwarf-with-dsym";
				ENABLE_NS_ASSERTIONS = NO;
				ENABLE_STRICT_OBJC_MSGSEND = YES;
				GCC_C_LANGUAGE_STANDARD = gnu11;
				GCC_NO_COMMON_BLOCKS = YES;
				GCC_WARN_64_TO_32_BIT_CONVERSION = YES;
				GCC_WARN_ABOUT_RETURN_TYPE = YES_ERROR;
				GCC_WARN_UNDECLARED_SELECTOR = YES;
				GCC_WARN_UNINITIALIZED_AUTOS = YES_AGGRESSIVE;
				GCC_WARN_UNUSED_FUNCTION = YES;
				GCC_WARN_UNUSED_VARIABLE = YES;
				IPHONEOS_DEPLOYMENT_TARGET = 14.5;
				MTL_ENABLE_DEBUG_INFO = NO;
				MTL_FAST_MATH = YES;
				SDKROOT = iphoneos;
				SWIFT_COMPILATION_MODE = wholemodule;
				SWIFT_OPTIMIZATION_LEVEL = "-O";
				VALIDATE_PRODUCT = YES;
			};
			name = Release;
		};
		27583CA925C887A200FE314D /* Debug */ = {
			isa = XCBuildConfiguration;
			baseConfigurationReference = 692ED9AC3906410AF0FA1A9F /* Pods-Boxes.debug.xcconfig */;
			buildSettings = {
				ASSETCATALOG_COMPILER_APPICON_NAME = AppIcon;
				ASSETCATALOG_COMPILER_GLOBAL_ACCENT_COLOR_NAME = AccentColor;
				CODE_SIGN_STYLE = Automatic;
				DEVELOPMENT_TEAM = KPPGXZ3Y59;
				INFOPLIST_FILE = Boxes/Info.plist;
				IPHONEOS_DEPLOYMENT_TARGET = 14.1;
				LD_RUNPATH_SEARCH_PATHS = (
					"$(inherited)",
					"@executable_path/Frameworks",
				);
				PRODUCT_BUNDLE_IDENTIFIER = com.layunta.Boxes;
				PRODUCT_NAME = "$(TARGET_NAME)";
				SWIFT_VERSION = 5.0;
				TARGETED_DEVICE_FAMILY = "1,2";
			};
			name = Debug;
		};
		27583CAA25C887A200FE314D /* Release */ = {
			isa = XCBuildConfiguration;
			baseConfigurationReference = 40772B6AF596EFB4F1BED0D0 /* Pods-Boxes.release.xcconfig */;
			buildSettings = {
				ASSETCATALOG_COMPILER_APPICON_NAME = AppIcon;
				ASSETCATALOG_COMPILER_GLOBAL_ACCENT_COLOR_NAME = AccentColor;
				CODE_SIGN_STYLE = Automatic;
				DEVELOPMENT_TEAM = KPPGXZ3Y59;
				INFOPLIST_FILE = Boxes/Info.plist;
				IPHONEOS_DEPLOYMENT_TARGET = 14.1;
				LD_RUNPATH_SEARCH_PATHS = (
					"$(inherited)",
					"@executable_path/Frameworks",
				);
				PRODUCT_BUNDLE_IDENTIFIER = com.layunta.Boxes;
				PRODUCT_NAME = "$(TARGET_NAME)";
				SWIFT_VERSION = 5.0;
				TARGETED_DEVICE_FAMILY = "1,2";
			};
			name = Release;
		};
/* End XCBuildConfiguration section */

/* Begin XCConfigurationList section */
		27583C8C25C887A100FE314D /* Build configuration list for PBXProject "Boxes" */ = {
			isa = XCConfigurationList;
			buildConfigurations = (
				27583CA625C887A200FE314D /* Debug */,
				27583CA725C887A200FE314D /* Release */,
			);
			defaultConfigurationIsVisible = 0;
			defaultConfigurationName = Release;
		};
		27583CA825C887A200FE314D /* Build configuration list for PBXNativeTarget "Boxes" */ = {
			isa = XCConfigurationList;
			buildConfigurations = (
				27583CA925C887A200FE314D /* Debug */,
				27583CAA25C887A200FE314D /* Release */,
			);
			defaultConfigurationIsVisible = 0;
			defaultConfigurationName = Release;
		};
/* End XCConfigurationList section */

/* Begin XCVersionGroup section */
		27583C9D25C887A100FE314D /* Boxes.xcdatamodeld */ = {
			isa = XCVersionGroup;
			children = (
				27583C9E25C887A100FE314D /* Boxes.xcdatamodel */,
			);
			currentVersion = 27583C9E25C887A100FE314D /* Boxes.xcdatamodel */;
			path = Boxes.xcdatamodeld;
			sourceTree = "<group>";
			versionGroupType = wrapper.xcdatamodel;
		};
/* End XCVersionGroup section */
	};
	rootObject = 27583C8925C887A100FE314D /* Project object */;
}
